{
  "name": "@iflow-mcp/yvgude-lean-ctx",
  "version": "2.12.4",
  "lockfileVersion": 3,
  "requires": true,
  "packages": {
    "": {
      "name": "@iflow-mcp/yvgude-lean-ctx",
      "version": "2.12.4",
      "hasInstallScript": true,
      "license": "MIT",
      "bin": {
        "iflow-mcp_yvgude-lean-ctx": "bin/lean-ctx.js"
      },
      "engines": {
        "node": ">=16"
      }
    }
  }
}
